<Solution>
  <Project Path="PullSub.Core/PullSub.Core.csproj" />
  <Project Path="PullSub.Mqtt/PullSub.Mqtt.csproj" />
  <Project Path="tests/PullSub.Core.PerfShared/PullSub.Core.PerfShared.csproj" />
  <Project Path="tests/PullSub.Core.Benchmarks/PullSub.Core.Benchmarks.csproj" />
  <Project Path="tests/PullSub.Core.IntegrationTests/PullSub.Core.IntegrationTests.csproj" />
  <Project Path="tests/PullSub.Core.Tests/PullSub.Core.Tests.csproj" />
</Solution>
